# This file was autogenerated by uv via the following command:
#    uv pip compile requirements.in --generate-hashes --output-file requirements.lock --python-version 3.12
certifi==2026.7.22 \
    --hash=sha256:62f22742b58a1a33014a2b6b706588a8d7e2a88ae7bd1a6ebe8c992928483775 \
    --hash=sha256:741e2c3b351ddf169a738da9f2c048608ff7f2c5cc02f1ebc6b118bb090d5d55
    # via requests
charset-normalizer==3.5.2 \
    --hash=sha256:01077390b03f7988f11d700a2194e69b119741a86b1a638b1db88891e3eced8e \
    --hash=sha256:01b0c0d2262a9e28e8484a278c7e1b5d650e3ac8cf2683d2967e25899f208bdf \
    --hash=sha256:04851f73ae72b8413dddadb16a49dfee95263553741fd42d546f7d66907e6be5 \
    --hash=sha256:0521c5665880b33d603717defa76c094048900010897909952397feb3039da56 \
    --hash=sha256:0774bf9bf620249fee3e0b8b9fd3065de213be30f3aa94ce2494b3b638949e26 \
    --hash=sha256:0891b9d3903c5571c03771ca669a4b0ec5618ca722a5c957d3d29cd4e5062848 \
    --hash=sha256:0c951d5e6dd9c2ff60609476752bee49da4206adde960ebc247766937f72e718 \
    --hash=sha256:0fed1d06615f022ee3b13caf5e8b180cfea32bb2c5aded8a9d44277afc040f93 \
    --hash=sha256:114e4d0c92d618409ed82a99e22b5c5e768fe995f2973f78265f4524f49d4640 \
    --hash=sha256:11912e4bb14baae7c5d8791aa55ba0a3a03ec6729073307b0f57270abaa713d3 \
    --hash=sha256:11a4d68a6ecda3292cb1e50239e111543ba5d709bb62a6b4ea1afcfa729d8875 \
    --hash=sha256:124fbf1a8ff966d87ae05bb8bd45a71f966055ed8bba320d0c7cf450bc5f4d0e \
    --hash=sha256:1461ac396c4fdb983a675f20aa555624f0ee18ac83d832b9244ffff3d8055275 \
    --hash=sha256:1503bccbeb36d5527790c3930327704c39af22de3112f1b1666a9f3ce15ee204 \
    --hash=sha256:15bb4005af6320d259dc7593ca84a38d7fe06a421dbcf7b910ae23979101e787 \
    --hash=sha256:15c44f7edfd477b06f517a5cc317fc1707edb9de2c865f43d4b6513907473234 \
    --hash=sha256:16fa0eccf81304b79c5cd87f9271c3b85dd9dd99245e4422ae9c0dd45e0f99d3 \
    --hash=sha256:183b88127acdb4fabe59d951ab424faf1af7b63cdbb5f776186c1ea2ffcaed98 \
    --hash=sha256:195c26fb65950f8fce54e26349852b7bdd7c5f120aeefbcc440b8a20faaed4a3 \
    --hash=sha256:1afb975bd5d68d5ce9f6b6d44fdf2f7e34b895a35e95708a7a91b20a3b51d187 \
    --hash=sha256:1b4cbc7c3491ccb4aa17fcd8165649d01cf39f76de1696da8631b5f71b85401d \
    --hash=sha256:1bc0baf5ef96b6ede57d47f4b8fe4d9d84019c3bfcbeb20a41edc6a6ee341f1f \
    --hash=sha256:1c50fe28bbc2ced33386f298650d91218076c05420e6cbd790b913adc41659e7 \
    --hash=sha256:1db38f4c5496827c1a501846d64d14c3b80c7e6714e406cd7dc36a9899fa1011 \
    --hash=sha256:211d5a3eb6af8f513b8d4ca19a8c1b7accab1b5f0d3175f9826b03c1a920dc1f \
    --hash=sha256:23851fb4e1b85ed3f6c2a27b777cdfe2e19fb5b38429a8faf38c7542b7665869 \
    --hash=sha256:254eb48b9fa5ee9898a3c445825a1f340fe53712a098904b39b0bddba8ea3cb1 \
    --hash=sha256:2625388c6c754520c37abaf3b41eb34d1cc4a373f457898f08606c8e362b891d \
    --hash=sha256:281cb91036248400f4cc957495cccd44c275c2e0c5854f7e45ac5cf7dc193847 \
    --hash=sha256:28a15fdad492a99b6eccfaaed66ef3f74050680545ea61ec8b2f4c538f1f1320 \
    --hash=sha256:28b4f0d66fb834ff90f28209ac7bce77868c45d8c93e26f906709d9b7c2e1af9 \
    --hash=sha256:2a925889534b3748302dae5dead07cc13480de1dac3aea80a941b729b471ef93 \
    --hash=sha256:2b7b3bbfb4fe8ef40600792d762fbaa9057559f9d3fad209525b7a22b99e91fd \
    --hash=sha256:2c9ad19a6cfcd5ea5c0d41161d22f9df1dcc277e9bef2751391334546a314c00 \
    --hash=sha256:2cc961b171b3f3440f410489ab3573e86aea8736134ebbb40ea1338b7f0831bc \
    --hash=sha256:2ce45c6627b22c47e390bc91a41c3d13032192e699fa0bea96e9671b373d69b0 \
    --hash=sha256:2e06a3a98f916dd41d27f3105e02e7a40181c98c94b9158733d03a6f80506c09 \
    --hash=sha256:304d5463e65a35d7bb0850550e0780395395f6fcf452f04db7d5ca7cecc425ac \
    --hash=sha256:304d8e4d493af723536393eee0c689eb7813f4a474c8b479dee63f1fdd98f621 \
    --hash=sha256:30fcd120b732aa79317f08dee04d7de0847822e4cf7ee0e9f445bb958832252c \
    --hash=sha256:31f3930700408d211f13378ccbe1c40845d8da54bd0681fac3a9b5aae81c7aa8 \
    --hash=sha256:34276fd796040bf0993ab33a369aa572e6979c7aab225a88893667ad8eac8f7a \
    --hash=sha256:355ad8011081dec5412240c087a9a0c9d4d5039f3ed11a3f13e18c2b29b56c51 \
    --hash=sha256:38a873987f3be698494da8b2e3085e29da02da7b633dce73e79c699a113d7bf0 \
    --hash=sha256:39de2a259fc954455c57274dc94c79d5842774e1247a016aff30bc0efed0f4ef \
    --hash=sha256:3d14b50de6bf4d0edf857a9386836846f982b8f524e188e2e68b96d702bcf4aa \
    --hash=sha256:3d21b8b13c7592db2ac5e544a6d83187b995257472b0c9e8351b6d507ae37ed6 \
    --hash=sha256:3d31298449090ab8d47b7b1b2a555ff73cac7ed438a08b7ac160980c7ebed649 \
    --hash=sha256:3ddacd27458c45bdacd6bd6db644bfb730efbf9e830310186e3045c9c5be8fb2 \
    --hash=sha256:3df041de8887954562c9b261cba85ca0e9ded74048daf125f45edcfaa4832229 \
    --hash=sha256:40ab6bffa02ae10a0581e6c198be7d2d8ca5c2a0c64e4ed3465d766df457573e \
    --hash=sha256:4275811936e2f06feff5e598fb42a1b7ae852da8e39605211892b56b81a34efd \
    --hash=sha256:443eae2bf318abeaf6f15d785138f71fd6de770e99a92158b8b814265e079115 \
    --hash=sha256:447441e76ec720b15e64418d32e092297340387053047c7c694f579efb0ee1d9 \
    --hash=sha256:4495c5002a7b28557e7e222e77e0b661183e432b7d6d2e788101e3f240e05b8c \
    --hash=sha256:44bd4fbb29dfbeba60e7d2bd000c59e4b21ddb3cc53912b14048d37092706d7c \
    --hash=sha256:4685902cf26edf013ed7a3da0f426ebba7a00ebb9541386d835afbf002c11cab \
    --hash=sha256:498dc3188ca05a68231ac3fdbfc7f57eb67e1343c30e0fea17f8218c1599b253 \
    --hash=sha256:4c2b5031f63e331e3839b40aed2dd6f191e9c07edbde303e7876846ea1946995 \
    --hash=sha256:4d48f2d08b9de5864e2c8744d4461b862fb149a18274abc8b698c45975573438 \
    --hash=sha256:4f87960d57feabfb618e4e0af6e7371645fa26a277860739d6e5d6e0012c92f0 \
    --hash=sha256:50e3adfb96fc189eb27b1cf62d3b598b89b4bb0420d93a3d3e42e137409011be \
    --hash=sha256:51cf45226a9b588d0d2b4880c62d686934b63ab0bd79ca23ab0e9762eb27441b \
    --hash=sha256:52aa6992700996af31f375de0c6bacd402b0097fe40b53c426b9f51a90ebabc7 \
    --hash=sha256:55ea99acb17b9325618de155a0cd6a2e8f5d10be008113e1d433bbb58db543b2 \
    --hash=sha256:56bc200a365efb37383b7852e4cc5898d3b2da5987289b543956cf8cad71018a \
    --hash=sha256:588461c2e8384d309bd63e5826019b6977bc66d629b99ac8737bb795d7b2cb5a \
    --hash=sha256:58ca3755ee7ff7f59b57789ec9833c9de9ea275405cdd240eda1f193112e398a \
    --hash=sha256:58f361dcbab699cf8f42db3f47c8e7fd1036f138c23a5d08de9fde5f425a730c \
    --hash=sha256:598a11a2c7ebaa5334bf698bf29568c9c390abac6a154d8170fedecd1cea38c5 \
    --hash=sha256:59f63901b0031c3136cf64704dcb21de0bbae62ce2c9529bc39d27665463de37 \
    --hash=sha256:5cde776b7cc66e4f6c99612cea4aa7269aa65863f7a15841b2c264f103822f4e \
    --hash=sha256:5e2b6b57e9733d39f0c9fd3185efa6b8e29652c4cd8fe94180272cf6ed9a78c4 \
    --hash=sha256:5fb29fb8cd1a46c27a1bf9613ad5ec2599310d46b4025d9556404a6b6a292800 \
    --hash=sha256:6045373d5a89a5ec71afde535db987ca28e76dfa276c2d4c818265b375d4b055 \
    --hash=sha256:619799369eeef6366ed3e8755a5670f4f2f0fb6b30a0fd7264dc0fdc2357058e \
    --hash=sha256:62588a277bfb59def052abd940703fa35107152bf479781a878617d60faf8fb5 \
    --hash=sha256:62603db9a7caa0802eaa28c1c46fecd7b3a263a774069c24c3c28c302448721c \
    --hash=sha256:65cd72beeeca9d3aaea1201e5923859f308f952f9c71de93f06063c79f0f7a3b \
    --hash=sha256:68eb192d85ab8e5f6ec69c2bc6ac0179fbf04a5ac1569d12fbef74883fe102d0 \
    --hash=sha256:6bd128f206a7752ae1f2ab6c61bf8a24ba28913a10df8b14c2637b973ff97a80 \
    --hash=sha256:6be488a102b8cf28d0391d8c4ba7748938ae28b78ad901f8585520fca33ead1a \
    --hash=sha256:7218e8f32b0956cfcd048fd42d9d5779809745ca1d86113ca56f66e7ae1549c4 \
    --hash=sha256:7441d755b7ab94f8d4eb3e43ec05482d760842fd263d003a99102d742cd835e2 \
    --hash=sha256:749e97e1b32313717a565abbe321bc2190bc8b35f1a67e4cdbc7c56c8d8ffe58 \
    --hash=sha256:75a3ceed0724d625d64b86ca20aba182e4df462e04c2414fc941c0f523f06aac \
    --hash=sha256:780fbe7cab297b81dad9fb8dc5eb003c0468ffb0d9e5f65068c53a34661a96bc \
    --hash=sha256:78456a747de8dc58360ffa581f30a002baf5aa28cb262536545e91f113ed7639 \
    --hash=sha256:7967d08cf06dee78443b874f98c98036f624f3a4e73e11f9f64f5be4d25393cf \
    --hash=sha256:7a881931aa470808df94a8c380eed2bbbc76cd9dc622310f99665658c821eb6d \
    --hash=sha256:7dcd882da75ef9adf94903b1e3b9419e8aa8fb4c7396822b834b9ef7fb96954f \
    --hash=sha256:7e841fb9010836c992c9f12fcbd43a831de93a5f726fc1ccd8ca1d0268c5014c \
    --hash=sha256:7fdde2c9fd9e3eca40631e024664cf2584272cc8f96308cbe5fdfc930f51d8bc \
    --hash=sha256:8024d00c3faf3fc0c16e07a69f4405e8eac7cc0ab15f65fe6cf43827c4cf72b4 \
    --hash=sha256:80d02b6f04e92601a081dd97b23d3128033098bff5d35d392ddcc0476ea11253 \
    --hash=sha256:838dcc90063569a0448120554591a1d6c4a4ffe11babf048908793154ab86ade \
    --hash=sha256:849df64e889b2e17230d58410a03dba311a65b163508fd33679b2b737d4b7858 \
    --hash=sha256:87475fabc8d9996fd9c27debb395e642e8c838d78a00b6e932227a0e06b81e26 \
    --hash=sha256:87e50a3e7cb90af586b6c5faf23e302a970415ac73bd7bd90a515a04b427ef96 \
    --hash=sha256:89b53f3cda69831909888e0494f4fa0bcd3537e3e138dabeb620bd6ad946bae8 \
    --hash=sha256:8a893cc101149f80a653f82062ebc95b34525a2614382e1da5458fe7c6997249 \
    --hash=sha256:8b2bfab86aa71ae13aa41a6a26aab338e0db2b8bc75434b05aea89e011ff35a4 \
    --hash=sha256:8d86d6fc60743dc916eb79e2eb1ec4818e21e427731543af40a3021851174a13 \
    --hash=sha256:915563965d418f986e7e145accc592eae9e1a1be3566ff98a05d7a9ec42a76e1 \
    --hash=sha256:92888bb3187c5ba50500b00b3b310c9f2c651709d28036077680cb5255450a03 \
    --hash=sha256:93223adc95033dd47133a46ccfc316a0139176fd79085762e27202ec56018f03 \
    --hash=sha256:9373ad13ef0d2c0fb761e04e55bfdee5a08b52cef2c882c8fbe9935b1517152e \
    --hash=sha256:9409a8bf35cf78353942504b24a57de3d75b708997a1e4bd8db71ac8633ce364 \
    --hash=sha256:9b7f416ff0978e2f2249330527f0ad6fa02f4932e6199692d3b52da2048c19e4 \
    --hash=sha256:9bde855991b7e362c146535e3136a50bfaffc0487d38b33ca7e5edefc6e23849 \
    --hash=sha256:9cae88599c7219005d879f98e5ed53341e9a122af585e1091200358a3003d2a0 \
    --hash=sha256:9cf9b1a857e25c4baceeb3624e92a56df3668f398c4acba74e174d81fb4d1d3a \
    --hash=sha256:9f56f72050826f63dcee7a7f55b0a77168cb3bfc553fd405e7f8f9ece75a4036 \
    --hash=sha256:a090bb2c68df85450502e3e20d665e3a5af9c65a84d6508ed477badd49166fd3 \
    --hash=sha256:a192e2c40070d92c3ccf777e3a5c4ff515573cd2bb7ed0c537fdadbbec5bbf21 \
    --hash=sha256:a19a731138fc27d5682277d3b9df22855cea1239bce7fcec5f78f42ef2d1f3c3 \
    --hash=sha256:a66c3bc5ab1f0ff2164fc9965ddd611ff0802173f4b9d24554c563f6ab7e1d6e \
    --hash=sha256:a815775b6c38d4e0ff7bcffbeba67feded90202bb6a226b8dd35f1c855217413 \
    --hash=sha256:a89012d6d5476ee112d20d998570ed58df2260a852afb1758809cd6900411d21 \
    --hash=sha256:ae4f5fea5b8b8ccff88238cc8569303e5ee95efae67fa62922a311397a71f346 \
    --hash=sha256:b6856554c4f44d79fc2307d5768854310a8f0096e501c75637542c82292b0429 \
    --hash=sha256:b6b751274acb69d77b3323d6b7dbaa3c7fdfc1eb829b7eb61d262f32e1af9685 \
    --hash=sha256:b736353c0a625bbd5fcec108576e2385db3496f4f771f785ff32e108d3c3bc45 \
    --hash=sha256:b7fd005a73d9e657273b7a10dc71a9e03c8fb9ee6999798d6918ce095b81ac7f \
    --hash=sha256:b91363207bd9dc966a691e959bb47f64b30f7ac4b072be9968b366982f7db77c \
    --hash=sha256:ba0b1d2620edf869789c3879223f52bf2afc5d31b3cb47cc57b3a12c05e2aa9d \
    --hash=sha256:bbbfc8e28816f19d7c0f1816664980c0a9875d01b27cdf8eedddb639d9e108ad \
    --hash=sha256:bd16aabe4a02a297c23417aa17ac6299dbd8c49f673bcd645b4929b11f5a4400 \
    --hash=sha256:c0afc6800ba57ccc350374c5bd6150419915d95ce93cdbab2d783d75eaf30ecb \
    --hash=sha256:c6708715abcf3c73b99508253e961a9967f02fe536532834149574eda6de0d1c \
    --hash=sha256:c7c9ab723cde841fefb34efbad91e87f00a674b1fe1cd0784fde742bf2c154dc \
    --hash=sha256:c8f3d67aeaf55f017982b73683f0e7342ba2f6635a78f69ce89ebb26aa411e5c \
    --hash=sha256:c9790464842f85f437dbbb54417eda1e0e6bfc52dd8d22d6fd1c994b73b2dc74 \
    --hash=sha256:ca403d7e4798f525fdfc78e258820419cbbd0f0ecbab9de7840e3c017cf6b8cf \
    --hash=sha256:d008d90a7f2471519aef0c90dfbe73b3e6e4d5e66ac48e19154c17e89e98b604 \
    --hash=sha256:d19fbd981a488e22cd04883659ca6b08f50b5974f9fd7c95655ef6a043e5893f \
    --hash=sha256:d1befeed746d247c81127bb14de9dc3d30edb6e5976d34f83f86ed262b1d9105 \
    --hash=sha256:d2374b62878abb00cd8309b32af6c0b715cd02dec0ca74ef12e5069bdc64144a \
    --hash=sha256:d376bbd28b3a8999db1a103b3b388aee6f1ddeb3e51bc2172993efdcd86e064d \
    --hash=sha256:d4a7319f304a774bed22115bc891618e45f85065ab44ea6acd07d274e750519a \
    --hash=sha256:d6734d2ef8a50fbf8445c139477da401f50d62a0606bf00e20ec6d87773fefb1 \
    --hash=sha256:d760fe2a4d7c3b226cb9026d6a842868d52a7901bd98420e1baf14e80da85cf5 \
    --hash=sha256:d913de495d90407cd859d263bee2e5d1a4ed3eb6573c04e70d9ec619a7cbed7f \
    --hash=sha256:db19d07e2e0129e974a0e65d0064fc222a446cd5122c2fd4184d2af9fc734a9e \
    --hash=sha256:dca9ab98072a5a54ebacebdc45f53e645336b320c667410b061be1ca588ae709 \
    --hash=sha256:ddc7dacc8ece3a182e7f15cb862d1fd616b46d076cb1ae9dd232b2c38b655874 \
    --hash=sha256:ddf19c062bea7a0cc80f519243d2c01dd091be0cf952a0750d4ad576709559f5 \
    --hash=sha256:def79fa35ef0cef8d2accec024f4fdc7ead3012ff02f5215c783f39f03ef8cfc \
    --hash=sha256:df29a0a7107f7011e77f4eebdddec4c7331e24d787a0b21a46d63bdf7445da95 \
    --hash=sha256:e09a3942ecbdee5cce73ea9d42da82b81b72ac1bf031ce069b93b5adf4eac8cd \
    --hash=sha256:e242bb1c5e76e97dfa9e7f209a71e93a01d7f19ffdd5cfbb2e2d55b4f08f8ab0 \
    --hash=sha256:e243bd13217235fc7290c621941c3f5cc8b66e4872495be821d7436ba2fb838d \
    --hash=sha256:e2af3aad578aa6bd1384bcf4750fc285e5a9de53f40b7d41e5a0bf748edeb2b3 \
    --hash=sha256:e4e81e09c1578b8df602e3db08b0b3ea0a6947ad612f52bf8dc5ea8d47691f0c \
    --hash=sha256:e54da4baf05720032d527874d40b65fa4d7e5c6c6a43d0c3adbeffcaf275a2b3 \
    --hash=sha256:e80e6c2f55656b4824d72065abb4ddd6a525c74bd78a0aab5d9fc2cf4fb5af50 \
    --hash=sha256:ed2a239c0ea213acc1908150a3037257083c7c083128f1a4cec2ec4b97dca491 \
    --hash=sha256:ed905975ab14056a2e5eb1c376cb2e1ebc5396baf84163939c518556fccde9f5 \
    --hash=sha256:ee21e28f0430bd6dc9086c6e525d5e818a44a5ad19720c8a0ef766792f3eb5e5 \
    --hash=sha256:ee43c17b173d46a3212baa6ead3ae258eeabdae48c263a01ccf0218c366dd655 \
    --hash=sha256:ef4fcbf3327382cd4c9f540babd61248208af7b93eec4de397b4d5f58a09e288 \
    --hash=sha256:eff0ac9dbe711a4aee69bf04a83896aa9b85f19641264053a9f6d48573abb7dd \
    --hash=sha256:f0aa869112ef88429ae17820d99c3dd9504c9e9c671d3c246f3d7442cb051084 \
    --hash=sha256:f3c96f633825733f735c5a9cf21d21a257d8e1edf0b1cee0a064b9c424ca0f7d \
    --hash=sha256:f5833ad231be5eb6553de524a70f48d71b2c8563101750531e0b80184e175cd4 \
    --hash=sha256:f5ec61164adcec446f8969a3358ec3f9b26bbda3b9213e5586d219afa8df2915 \
    --hash=sha256:f7d486c83842422badd511868fd8a9a20e9407ace71564b6af47ce7e60a336c1 \
    --hash=sha256:fb9e68df06293761f9fe66ade60a9bc6d0f5e42b8acf2939a9158af86ab0e5bd \
    --hash=sha256:fc14a032f813bf5fe624d991960ea83e9715adc27e4c1830a2361eb1d02ac341 \
    --hash=sha256:fcff63213e8e6e47770541a4607175404f47cbb3ebea7b6058cc82d524a0e424 \
    --hash=sha256:fd1fbe0f116b6e55da77aca2c6ddcddcfac2186cbf78bdebf40fc156efca389d \
    --hash=sha256:fe9753dfee015c570d73df76f899f18444d41388bffcde097deba51c4fadbb9f
    # via requests
filelock==4.0.9 \
    --hash=sha256:635e7d67fa92654eed444e75e9ca18426d34e77ad9c469bf4373f75a932f7b22 \
    --hash=sha256:9287fd61b99a806e5202be29a83034c0808a1b9830e820537c2f5773981f7eeb
    # via huggingface-hub
fsspec==2026.9.0 \
    --hash=sha256:0f08147951c8cb31d844c3547d631053b127863b60be04cf06e121333ee0e2fe \
    --hash=sha256:8dd6e646e99ea382bd85f97a45e6b526a442d79423a7dc673f1e2756d05fcb5f
    # via huggingface-hub
hf-xet==1.6.0 \
    --hash=sha256:0e6e21fa3cdfcdcd76748564bf593870a5e013f47d97cf10aed63aa222cff5b7 \
    --hash=sha256:23379c2f9ec8696d952b16414a2bae72cad86a52df869b050698ba60f538c675 \
    --hash=sha256:2e58454a340b3556dfa4972d5451aff4fba8dd42a236600ba1a1d2b1514f0fef \
    --hash=sha256:35cec30d75c6f9eb9c16a77cef68e85a103b72e24d4b473714ec9ff06428bab9 \
    --hash=sha256:3dc3e35441ba395006af5aaacc40ef2e603c51ef46c3530b9156185f00935ea3 \
    --hash=sha256:4fc74352a17015bd0ee90038bc9efe38db894cde45f268b6712b04fce8cd0acb \
    --hash=sha256:5153e6bb103ad49d6ea9f1b2e230db5a2ea32551ad09a706d2f61d7c7c80d80e \
    --hash=sha256:5789835d7c6bc9436962853192082374297fb72d7eff7e7762ec25ceb7e25338 \
    --hash=sha256:633dc0cd71d32da58ab8c03ad38e2fac452c15c2b0a2866ebf6ededfe0a5061d \
    --hash=sha256:70cbb9c896901600128cb9b6f06e132954fbede1db30f31f7c6c63f84cb7c31d \
    --hash=sha256:75765820ce4700db3750c94acc8fe27c5fae4c9ec000a0dbac3ca082acf97765 \
    --hash=sha256:8fb4f71cba6129110c3374a33f919001ff130488fc23553698e34cc1c2a1198c \
    --hash=sha256:948f15d3a9545cfe5932f6bd8b440f6ae630aee108f14b7bd6c561f7c2dcc522 \
    --hash=sha256:d62671bb130879cef0ee4c9ebe47a14af6c66ec53e6d84dc15936e5ffdfac82f \
    --hash=sha256:f0906082d9932ae0c0057fa194041c22b4e2cdb46b2592ef3b91f020d62a081a \
    --hash=sha256:f2f7278c05c22fd60cb436cda1269649b3e81db65ecdc8496e5e164aa4143e7b \
    --hash=sha256:fb4fadde1b2b70bf4c0c14a6dccbe7194b1c28947fefd5bbe3fed9d940676c3b
    # via huggingface-hub
huggingface-hub==0.36.2 \
    --hash=sha256:1934304d2fb224f8afa3b87007d58501acfda9215b334eed53072dd5e815ff7a \
    --hash=sha256:48f0c8eac16145dfce371e9d2d7772854a4f591bcb56c9cf548accf531d54270
    # via tokenizers
idna==3.20 \
    --hash=sha256:a7db850025b95ded1eae8a46181a1a6c56c92c96f0e2b005d9ff8dc0210cab44 \
    --hash=sha256:ab7ae7122974553370f0bdb919e1a960b2cd1bc1ef0276416d896db81c14582c
    # via requests
maturin==1.8.3 \
    --hash=sha256:11564fac7486313b7baf3aa4e82c20e1b20364aad3fde2ccbc4c07693c0b7e16 \
    --hash=sha256:22cd8b6dc490fee99a62590f914f0c04ddad1dd6dbd5c7e933b3f882b1bd78c2 \
    --hash=sha256:2427924546c9d1079b1c0c6c5c1d380e1b8187baba4e6342cca81597a0f3d697 \
    --hash=sha256:2fe8fdff420cfccde127bbc3d8e40835163dcebb6d28c49fffd9aaf1e6ec1090 \
    --hash=sha256:304762f86fd53a8031b1bf006d12572a2aa0a5235485031113195cc0152e1e12 \
    --hash=sha256:33939aabf9a06a8a14ca6c399d32616c7e574fcca8d4ff6dcd984441051f32fb \
    --hash=sha256:583404d20d7f1d9c8f3c18dcab9014faacabbed6be02da80062c06cd0e279554 \
    --hash=sha256:5b2a513468c1c9b4d1728d4b6d3d044b7c183985ef819c9ef15e373b70d99c7d \
    --hash=sha256:7949a4a17637341f84e88f4cbf0c155998780bbb7a145ed735725b907881c0ae \
    --hash=sha256:8555d8701cdba6c19c4705a22ce4d2a1814efd792f55dc5873262ff903317540 \
    --hash=sha256:85f2b882d8235c1c1cb0a38d382ccd5b3ba0674d99cb548d49df9342cc688e36 \
    --hash=sha256:f9ffdac53dfe0089cf19b597410bc552eb34c856ddb41482b243a695e8b549d3 \
    --hash=sha256:fa27466b627150123729b2e611f9f9cfade84d24385d72c6877f78c30de30e89
    # via -r requirements.in
packaging==26.3 \
    --hash=sha256:94edc256424af38762eb31306eed28beb9f0efc50a8837492c9d6fd6004aed79 \
    --hash=sha256:d7193f7c8e4e93f444fde0262bf90af30e16fa0ad0ad44cb553c87339b23cd1c
    # via huggingface-hub
pyyaml==6.0.3 \
    --hash=sha256:00c4bdeba853cc34e7dd471f16b4114f4162dc03e6b7afcc2128711f0eca823c \
    --hash=sha256:0150219816b6a1fa26fb4699fb7daa9caf09eb1999f3b70fb6e786805e80375a \
    --hash=sha256:02893d100e99e03eda1c8fd5c441d8c60103fd175728e23e431db1b589cf5ab3 \
    --hash=sha256:02ea2dfa234451bbb8772601d7b8e426c2bfa197136796224e50e35a78777956 \
    --hash=sha256:0f29edc409a6392443abf94b9cf89ce99889a1dd5376d94316ae5145dfedd5d6 \
    --hash=sha256:10892704fc220243f5305762e276552a0395f7beb4dbf9b14ec8fd43b57f126c \
    --hash=sha256:16249ee61e95f858e83976573de0f5b2893b3677ba71c9dd36b9cf8be9ac6d65 \
    --hash=sha256:1d37d57ad971609cf3c53ba6a7e365e40660e3be0e5175fa9f2365a379d6095a \
    --hash=sha256:1ebe39cb5fc479422b83de611d14e2c0d3bb2a18bbcb01f229ab3cfbd8fee7a0 \
    --hash=sha256:214ed4befebe12df36bcc8bc2b64b396ca31be9304b8f59e25c11cf94a4c033b \
    --hash=sha256:2283a07e2c21a2aa78d9c4442724ec1eb15f5e42a723b99cb3d822d48f5f7ad1 \
    --hash=sha256:22ba7cfcad58ef3ecddc7ed1db3409af68d023b7f940da23c6c2a1890976eda6 \
    --hash=sha256:27c0abcb4a5dac13684a37f76e701e054692a9b2d3064b70f5e4eb54810553d7 \
    --hash=sha256:28c8d926f98f432f88adc23edf2e6d4921ac26fb084b028c733d01868d19007e \
    --hash=sha256:2e71d11abed7344e42a8849600193d15b6def118602c4c176f748e4583246007 \
    --hash=sha256:34d5fcd24b8445fadc33f9cf348c1047101756fd760b4dacb5c3e99755703310 \
    --hash=sha256:37503bfbfc9d2c40b344d06b2199cf0e96e97957ab1c1b546fd4f87e53e5d3e4 \
    --hash=sha256:3c5677e12444c15717b902a5798264fa7909e41153cdf9ef7ad571b704a63dd9 \
    --hash=sha256:3ff07ec89bae51176c0549bc4c63aa6202991da2d9a6129d7aef7f1407d3f295 \
    --hash=sha256:41715c910c881bc081f1e8872880d3c650acf13dfa8214bad49ed4cede7c34ea \
    --hash=sha256:418cf3f2111bc80e0933b2cd8cd04f286338bb88bdc7bc8e6dd775ebde60b5e0 \
    --hash=sha256:44edc647873928551a01e7a563d7452ccdebee747728c1080d881d68af7b997e \
    --hash=sha256:4a2e8cebe2ff6ab7d1050ecd59c25d4c8bd7e6f400f5f82b96557ac0abafd0ac \
    --hash=sha256:4ad1906908f2f5ae4e5a8ddfce73c320c2a1429ec52eafd27138b7f1cbe341c9 \
    --hash=sha256:501a031947e3a9025ed4405a168e6ef5ae3126c59f90ce0cd6f2bfc477be31b7 \
    --hash=sha256:5190d403f121660ce8d1d2c1bb2ef1bd05b5f68533fc5c2ea899bd15f4399b35 \
    --hash=sha256:5498cd1645aa724a7c71c8f378eb29ebe23da2fc0d7a08071d89469bf1d2defb \
    --hash=sha256:5cf4e27da7e3fbed4d6c3d8e797387aaad68102272f8f9752883bc32d61cb87b \
    --hash=sha256:5e0b74767e5f8c593e8c9b5912019159ed0533c70051e9cce3e8b6aa699fcd69 \
    --hash=sha256:5ed875a24292240029e4483f9d4a4b8a1ae08843b9c54f43fcc11e404532a8a5 \
    --hash=sha256:5fcd34e47f6e0b794d17de1b4ff496c00986e1c83f7ab2fb8fcfe9616ff7477b \
    --hash=sha256:5fdec68f91a0c6739b380c83b951e2c72ac0197ace422360e6d5a959d8d97b2c \
    --hash=sha256:6344df0d5755a2c9a276d4473ae6b90647e216ab4757f8426893b5dd2ac3f369 \
    --hash=sha256:64386e5e707d03a7e172c0701abfb7e10f0fb753ee1d773128192742712a98fd \
    --hash=sha256:652cb6edd41e718550aad172851962662ff2681490a8a711af6a4d288dd96824 \
    --hash=sha256:66291b10affd76d76f54fad28e22e51719ef9ba22b29e1d7d03d6777a9174198 \
    --hash=sha256:66e1674c3ef6f541c35191caae2d429b967b99e02040f5ba928632d9a7f0f065 \
    --hash=sha256:6adc77889b628398debc7b65c073bcb99c4a0237b248cacaf3fe8a557563ef6c \
    --hash=sha256:79005a0d97d5ddabfeeea4cf676af11e647e41d81c9a7722a193022accdb6b7c \
    --hash=sha256:7c6610def4f163542a622a73fb39f534f8c101d690126992300bf3207eab9764 \
    --hash=sha256:7f047e29dcae44602496db43be01ad42fc6f1cc0d8cd6c83d342306c32270196 \
    --hash=sha256:8098f252adfa6c80ab48096053f512f2321f0b998f98150cea9bd23d83e1467b \
    --hash=sha256:850774a7879607d3a6f50d36d04f00ee69e7fc816450e5f7e58d7f17f1ae5c00 \
    --hash=sha256:8d1fab6bb153a416f9aeb4b8763bc0f22a5586065f86f7664fc23339fc1c1fac \
    --hash=sha256:8da9669d359f02c0b91ccc01cac4a67f16afec0dac22c2ad09f46bee0697eba8 \
    --hash=sha256:8dc52c23056b9ddd46818a57b78404882310fb473d63f17b07d5c40421e47f8e \
    --hash=sha256:9149cad251584d5fb4981be1ecde53a1ca46c891a79788c0df828d2f166bda28 \
    --hash=sha256:93dda82c9c22deb0a405ea4dc5f2d0cda384168e466364dec6255b293923b2f3 \
    --hash=sha256:96b533f0e99f6579b3d4d4995707cf36df9100d67e0c8303a0c55b27b5f99bc5 \
    --hash=sha256:9c57bb8c96f6d1808c030b1687b9b5fb476abaa47f0db9c0101f5e9f394e97f4 \
    --hash=sha256:9c7708761fccb9397fe64bbc0395abcae8c4bf7b0eac081e12b809bf47700d0b \
    --hash=sha256:9f3bfb4965eb874431221a3ff3fdcddc7e74e3b07799e0e84ca4a0f867d449bf \
    --hash=sha256:a33284e20b78bd4a18c8c2282d549d10bc8408a2a7ff57653c0cf0b9be0afce5 \
    --hash=sha256:a80cb027f6b349846a3bf6d73b5e95e782175e52f22108cfa17876aaeff93702 \
    --hash=sha256:b30236e45cf30d2b8e7b3e85881719e98507abed1011bf463a8fa23e9c3e98a8 \
    --hash=sha256:b3bc83488de33889877a0f2543ade9f70c67d66d9ebb4ac959502e12de895788 \
    --hash=sha256:b865addae83924361678b652338317d1bd7e79b1f4596f96b96c77a5a34b34da \
    --hash=sha256:b8bb0864c5a28024fac8a632c443c87c5aa6f215c0b126c449ae1a150412f31d \
    --hash=sha256:ba1cc08a7ccde2d2ec775841541641e4548226580ab850948cbfda66a1befcdc \
    --hash=sha256:bdb2c67c6c1390b63c6ff89f210c8fd09d9a1217a465701eac7316313c915e4c \
    --hash=sha256:c1ff362665ae507275af2853520967820d9124984e0f7466736aea23d8611fba \
    --hash=sha256:c2514fceb77bc5e7a2f7adfaa1feb2fb311607c9cb518dbc378688ec73d8292f \
    --hash=sha256:c3355370a2c156cffb25e876646f149d5d68f5e0a3ce86a5084dd0b64a994917 \
    --hash=sha256:c458b6d084f9b935061bc36216e8a69a7e293a2f1e68bf956dcd9e6cbcd143f5 \
    --hash=sha256:d0eae10f8159e8fdad514efdc92d74fd8d682c933a6dd088030f3834bc8e6b26 \
    --hash=sha256:d76623373421df22fb4cf8817020cbb7ef15c725b9d5e45f17e189bfc384190f \
    --hash=sha256:ebc55a14a21cb14062aa4162f906cd962b28e2e9ea38f9b4391244cd8de4ae0b \
    --hash=sha256:eda16858a3cab07b80edaf74336ece1f986ba330fdb8ee0d6c0d68fe82bc96be \
    --hash=sha256:ee2922902c45ae8ccada2c5b501ab86c36525b883eff4255313a253a3160861c \
    --hash=sha256:efd7b85f94a6f21e4932043973a7ba2613b059c4a000551892ac9f1d11f5baf3 \
    --hash=sha256:f7057c9a337546edc7973c0d3ba84ddcdf0daa14533c2065749c9075001090e6 \
    --hash=sha256:fa160448684b4e94d80416c0fa4aac48967a969efe22931448d853ada8baf926 \
    --hash=sha256:fc09d0aa354569bc501d4e787133afc08552722d3ab34836a80547331bb5d4a0
    # via huggingface-hub
regex==2024.11.6 \
    --hash=sha256:02a02d2bb04fec86ad61f3ea7f49c015a0681bf76abb9857f945d26159d2968c \
    --hash=sha256:02e28184be537f0e75c1f9b2f8847dc51e08e6e171c6bde130b2687e0c33cf60 \
    --hash=sha256:040df6fe1a5504eb0f04f048e6d09cd7c7110fef851d7c567a6b6e09942feb7d \
    --hash=sha256:068376da5a7e4da51968ce4c122a7cd31afaaec4fccc7856c92f63876e57b51d \
    --hash=sha256:06eb1be98df10e81ebaded73fcd51989dcf534e3c753466e4b60c4697a003b67 \
    --hash=sha256:072623554418a9911446278f16ecb398fb3b540147a7828c06e2011fa531e773 \
    --hash=sha256:086a27a0b4ca227941700e0b31425e7a28ef1ae8e5e05a33826e17e47fbfdba0 \
    --hash=sha256:08986dce1339bc932923e7d1232ce9881499a0e02925f7402fb7c982515419ef \
    --hash=sha256:0a86e7eeca091c09e021db8eb72d54751e527fa47b8d5787caf96d9831bd02ad \
    --hash=sha256:0c32f75920cf99fe6b6c539c399a4a128452eaf1af27f39bce8909c9a3fd8cbe \
    --hash=sha256:0d7f453dca13f40a02b79636a339c5b62b670141e63efd511d3f8f73fba162b3 \
    --hash=sha256:1062b39a0a2b75a9c694f7a08e7183a80c63c0d62b301418ffd9c35f55aaa114 \
    --hash=sha256:13291b39131e2d002a7940fb176e120bec5145f3aeb7621be6534e46251912c4 \
    --hash=sha256:149f5008d286636e48cd0b1dd65018548944e495b0265b45e1bffecce1ef7f39 \
    --hash=sha256:164d8b7b3b4bcb2068b97428060b2a53be050085ef94eca7f240e7947f1b080e \
    --hash=sha256:167ed4852351d8a750da48712c3930b031f6efdaa0f22fa1933716bfcd6bf4a3 \
    --hash=sha256:1c4de13f06a0d54fa0d5ab1b7138bfa0d883220965a29616e3ea61b35d5f5fc7 \
    --hash=sha256:202eb32e89f60fc147a41e55cb086db2a3f8cb82f9a9a88440dcfc5d37faae8d \
    --hash=sha256:220902c3c5cc6af55d4fe19ead504de80eb91f786dc102fbd74894b1551f095e \
    --hash=sha256:2b3361af3198667e99927da8b84c1b010752fa4b1115ee30beaa332cabc3ef1a \
    --hash=sha256:2c89a8cc122b25ce6945f0423dc1352cb9593c68abd19223eebbd4e56612c5b7 \
    --hash=sha256:2d548dafee61f06ebdb584080621f3e0c23fff312f0de1afc776e2a2ba99a74f \
    --hash=sha256:2e34b51b650b23ed3354b5a07aab37034d9f923db2a40519139af34f485f77d0 \
    --hash=sha256:32f9a4c643baad4efa81d549c2aadefaeba12249b2adc5af541759237eee1c54 \
    --hash=sha256:3a51ccc315653ba012774efca4f23d1d2a8a8f278a6072e29c7147eee7da446b \
    --hash=sha256:3cde6e9f2580eb1665965ce9bf17ff4952f34f5b126beb509fee8f4e994f143c \
    --hash=sha256:40291b1b89ca6ad8d3f2b82782cc33807f1406cf68c8d440861da6304d8ffbbd \
    --hash=sha256:41758407fc32d5c3c5de163888068cfee69cb4c2be844e7ac517a52770f9af57 \
    --hash=sha256:4181b814e56078e9b00427ca358ec44333765f5ca1b45597ec7446d3a1ef6e34 \
    --hash=sha256:4f51f88c126370dcec4908576c5a627220da6c09d0bff31cfa89f2523843316d \
    --hash=sha256:50153825ee016b91549962f970d6a4442fa106832e14c918acd1c8e479916c4f \
    --hash=sha256:5056b185ca113c88e18223183aa1a50e66507769c9640a6ff75859619d73957b \
    --hash=sha256:5071b2093e793357c9d8b2929dfc13ac5f0a6c650559503bb81189d0a3814519 \
    --hash=sha256:525eab0b789891ac3be914d36893bdf972d483fe66551f79d3e27146191a37d4 \
    --hash=sha256:52fb28f528778f184f870b7cf8f225f5eef0a8f6e3778529bdd40c7b3920796a \
    --hash=sha256:5478c6962ad548b54a591778e93cd7c456a7a29f8eca9c49e4f9a806dcc5d638 \
    --hash=sha256:5670bce7b200273eee1840ef307bfa07cda90b38ae56e9a6ebcc9f50da9c469b \
    --hash=sha256:5704e174f8ccab2026bd2f1ab6c510345ae8eac818b613d7d73e785f1310f839 \
    --hash=sha256:59dfe1ed21aea057a65c6b586afd2a945de04fc7db3de0a6e3ed5397ad491b07 \
    --hash=sha256:5e7e351589da0850c125f1600a4c4ba3c722efefe16b297de54300f08d734fbf \
    --hash=sha256:63b13cfd72e9601125027202cad74995ab26921d8cd935c25f09c630436348ff \
    --hash=sha256:658f90550f38270639e83ce492f27d2c8d2cd63805c65a13a14d36ca126753f0 \
    --hash=sha256:684d7a212682996d21ca12ef3c17353c021fe9de6049e19ac8481ec35574a70f \
    --hash=sha256:69ab78f848845569401469da20df3e081e6b5a11cb086de3eed1d48f5ed57c95 \
    --hash=sha256:6f44ec28b1f858c98d3036ad5d7d0bfc568bdd7a74f9c24e25f41ef1ebfd81a4 \
    --hash=sha256:70b7fa6606c2881c1db9479b0eaa11ed5dfa11c8d60a474ff0e095099f39d98e \
    --hash=sha256:764e71f22ab3b305e7f4c21f1a97e1526a25ebdd22513e251cf376760213da13 \
    --hash=sha256:7ab159b063c52a0333c884e4679f8d7a85112ee3078fe3d9004b2dd875585519 \
    --hash=sha256:805e6b60c54bf766b251e94526ebad60b7de0c70f70a4e6210ee2891acb70bf2 \
    --hash=sha256:8447d2d39b5abe381419319f942de20b7ecd60ce86f16a23b0698f22e1b70008 \
    --hash=sha256:86fddba590aad9208e2fa8b43b4c098bb0ec74f15718bb6a704e3c63e2cef3e9 \
    --hash=sha256:89d75e7293d2b3e674db7d4d9b1bee7f8f3d1609428e293771d1a962617150cc \
    --hash=sha256:93c0b12d3d3bc25af4ebbf38f9ee780a487e8bf6954c115b9f015822d3bb8e48 \
    --hash=sha256:94d87b689cdd831934fa3ce16cc15cd65748e6d689f5d2b8f4f4df2065c9fa20 \
    --hash=sha256:9714398225f299aa85267fd222f7142fcb5c769e73d7733344efc46f2ef5cf89 \
    --hash=sha256:982e6d21414e78e1f51cf595d7f321dcd14de1f2881c5dc6a6e23bbbbd68435e \
    --hash=sha256:997d6a487ff00807ba810e0f8332c18b4eb8d29463cfb7c820dc4b6e7562d0cf \
    --hash=sha256:a03e02f48cd1abbd9f3b7e3586d97c8f7a9721c436f51a5245b3b9483044480b \
    --hash=sha256:a36fdf2af13c2b14738f6e973aba563623cb77d753bbbd8d414d18bfaa3105dd \
    --hash=sha256:a6ba92c0bcdf96cbf43a12c717eae4bc98325ca3730f6b130ffa2e3c3c723d84 \
    --hash=sha256:a7c2155f790e2fb448faed6dd241386719802296ec588a8b9051c1f5c481bc29 \
    --hash=sha256:a93c194e2df18f7d264092dc8539b8ffb86b45b899ab976aa15d48214138e81b \
    --hash=sha256:abfa5080c374a76a251ba60683242bc17eeb2c9818d0d30117b4486be10c59d3 \
    --hash=sha256:ac10f2c4184420d881a3475fb2c6f4d95d53a8d50209a2500723d831036f7c45 \
    --hash=sha256:ad182d02e40de7459b73155deb8996bbd8e96852267879396fb274e8700190e3 \
    --hash=sha256:b2837718570f95dd41675328e111345f9b7095d821bac435aac173ac80b19983 \
    --hash=sha256:b489578720afb782f6ccf2840920f3a32e31ba28a4b162e13900c3e6bd3f930e \
    --hash=sha256:b583904576650166b3d920d2bcce13971f6f9e9a396c673187f49811b2769dc7 \
    --hash=sha256:b85c2530be953a890eaffde05485238f07029600e8f098cdf1848d414a8b45e4 \
    --hash=sha256:b97c1e0bd37c5cd7902e65f410779d39eeda155800b65fc4d04cc432efa9bc6e \
    --hash=sha256:ba9b72e5643641b7d41fa1f6d5abda2c9a263ae835b917348fc3c928182ad467 \
    --hash=sha256:bb26437975da7dc36b7efad18aa9dd4ea569d2357ae6b783bf1118dabd9ea577 \
    --hash=sha256:bb8f74f2f10dbf13a0be8de623ba4f9491faf58c24064f32b65679b021ed0001 \
    --hash=sha256:bde01f35767c4a7899b7eb6e823b125a64de314a8ee9791367c9a34d56af18d0 \
    --hash=sha256:bec9931dfb61ddd8ef2ebc05646293812cb6b16b60cf7c9511a832b6f1854b55 \
    --hash=sha256:c36f9b6f5f8649bb251a5f3f66564438977b7ef8386a52460ae77e6070d309d9 \
    --hash=sha256:cdf58d0e516ee426a48f7b2c03a332a4114420716d55769ff7108c37a09951bf \
    --hash=sha256:d1cee317bfc014c2419a76bcc87f071405e3966da434e03e13beb45f8aced1a6 \
    --hash=sha256:d22326fcdef5e08c154280b71163ced384b428343ae16a5ab2b3354aed12436e \
    --hash=sha256:d3660c82f209655a06b587d55e723f0b813d3a7db2e32e5e7dc64ac2a9e86fde \
    --hash=sha256:da8f5fc57d1933de22a9e23eec290a0d8a5927a5370d24bda9a6abe50683fe62 \
    --hash=sha256:df951c5f4a1b1910f1a99ff42c473ff60f8225baa1cdd3539fe2819d9543e9df \
    --hash=sha256:e5364a4502efca094731680e80009632ad6624084aff9a23ce8c8c6820de3e51 \
    --hash=sha256:ea1bfda2f7162605f6e8178223576856b3d791109f15ea99a9f95c16a7636fb5 \
    --hash=sha256:f02f93b92358ee3f78660e43b4b0091229260c5d5c408d17d60bf26b6c900e86 \
    --hash=sha256:f056bf21105c2515c32372bbc057f43eb02aae2fda61052e2f7622c801f0b4e2 \
    --hash=sha256:f1ac758ef6aebfc8943560194e9fd0fa18bcb34d89fd8bd2af18183afd8da3a2 \
    --hash=sha256:f2a19f302cd1ce5dd01a9099aaa19cae6173306d1302a43b627f62e21cf18ac0 \
    --hash=sha256:f654882311409afb1d780b940234208a252322c24a93b442ca714d119e68086c \
    --hash=sha256:f65557897fc977a44ab205ea871b690adaef6b9da6afda4790a2484b04293a5f \
    --hash=sha256:f9d1e379028e0fc2ae3654bac3cbbef81bf3fd571272a42d56c24007979bafb6 \
    --hash=sha256:fdabbfc59f2c6edba2a6622c647b716e34e8e3867e0ab975412c5c2f79b82da2 \
    --hash=sha256:fdd6028445d2460f33136c55eeb1f601ab06d74cb3347132e1c24250187500d9 \
    --hash=sha256:ff590880083d60acc0433f9c3f713c51f7ac6ebb9adf889c79a261ecf541aa91
    # via
    #   -r requirements.in
    #   tiktoken
requests==2.34.2 \
    --hash=sha256:2a0d60c172f83ac6ab31e4554906c0f3b3588d37b5cb939b1c061f4907e278e0 \
    --hash=sha256:f288924cae4e29463698d6d60bc6a4da69c89185ad1e0bcc4104f584e960b9ed
    # via
    #   huggingface-hub
    #   tiktoken
tiktoken==0.9.0 \
    --hash=sha256:03935988a91d6d3216e2ec7c645afbb3d870b37bcb67ada1943ec48678e7ee33 \
    --hash=sha256:11a20e67fdf58b0e2dea7b8654a288e481bb4fc0289d3ad21291f8d0849915fb \
    --hash=sha256:15a2752dea63d93b0332fb0ddb05dd909371ededa145fe6a3242f46724fa7990 \
    --hash=sha256:26113fec3bd7a352e4b33dbaf1bd8948de2507e30bd95a44e2b1156647bc01b4 \
    --hash=sha256:26242ca9dc8b58e875ff4ca078b9a94d2f0813e6a535dcd2205df5d49d927cc7 \
    --hash=sha256:27d457f096f87685195eea0165a1807fae87b97b2161fe8c9b1df5bd74ca6f63 \
    --hash=sha256:2b0e8e05a26eda1249e824156d537015480af7ae222ccb798e5234ae0285dbdb \
    --hash=sha256:2cf8ded49cddf825390e36dd1ad35cd49589e8161fdcb52aa25f0583e90a3e01 \
    --hash=sha256:3ebcec91babf21297022882344c3f7d9eed855931466c3311b1ad6b64befb3df \
    --hash=sha256:45556bc41241e5294063508caf901bf92ba52d8ef9222023f83d2483a3055348 \
    --hash=sha256:586c16358138b96ea804c034b8acf3f5d3f0258bd2bc3b0227af4af5d622e382 \
    --hash=sha256:5a62d7a25225bafed786a524c1b9f0910a1128f4232615bf3f8257a73aaa3b16 \
    --hash=sha256:5ea0edb6f83dc56d794723286215918c1cde03712cbbafa0348b33448faf5b95 \
    --hash=sha256:75f6d5db5bc2c6274b674ceab1615c1778e6416b14705827d19b40e6355f03e0 \
    --hash=sha256:8b3d80aad8d2c6b9238fc1a5524542087c52b860b10cbf952429ffb714bc1136 \
    --hash=sha256:92a5fb085a6a3b7350b8fc838baf493317ca0e17bd95e8642f95fc69ecfed1de \
    --hash=sha256:95e811743b5dfa74f4b227927ed86cbc57cad4df859cb3b643be797914e41794 \
    --hash=sha256:99376e1370d59bcf6935c933cb9ba64adc29033b7e73f5f7569f3aad86552b22 \
    --hash=sha256:a6600660f2f72369acb13a57fb3e212434ed38b045fd8cc6cdd74947b4b5d210 \
    --hash=sha256:b2a21133be05dc116b1d0372af051cd2c6aa1d2188250c9b553f9fa49301b336 \
    --hash=sha256:badb947c32739fb6ddde173e14885fb3de4d32ab9d8c591cbd013c22b4c31dd2 \
    --hash=sha256:c6386ca815e7d96ef5b4ac61e0048cd32ca5a92d5781255e13b31381d28667dc \
    --hash=sha256:cc156cb314119a8bb9748257a2eaebd5cc0753b6cb491d26694ed42fc7cb3139 \
    --hash=sha256:cd69372e8c9dd761f0ab873112aba55a0e3e506332dd9f7522ca466e817b1b7a \
    --hash=sha256:d02a5ca6a938e0490e1ff957bc48c8b078c88cb83977be1625b1fd8aac792c5d \
    --hash=sha256:d9c59ccc528c6c5dd51820b3474402f69d9a9e1d656226848ad68a8d5b2e5108 \
    --hash=sha256:e15b16f61e6f4625a57a36496d28dd182a8a60ec20a534c5343ba3cafa156ac7 \
    --hash=sha256:e5fd49e7799579240f03913447c0cdfa1129625ebd5ac440787afc4345990427 \
    --hash=sha256:e88f121c1c22b726649ce67c089b90ddda8b9662545a8aeb03cfef15967ddd03 \
    --hash=sha256:f0968d5beeafbca2a72c595e8385a1a1f8af58feaebb02b227229b69ca5357fd \
    --hash=sha256:f32cc56168eac4851109e9b5d327637f15fd662aa30dd79f964b7c39fbadd26e
    # via -r requirements.in
tokenizers==0.21.1 \
    --hash=sha256:0f0dcbcc9f6e13e675a66d7a5f2f225a736745ce484c1a4e07476a89ccdad382 \
    --hash=sha256:1039a3a5734944e09de1d48761ade94e00d0fa760c0e0551151d4dd851ba63e3 \
    --hash=sha256:28da6b72d4fb14ee200a1bd386ff74ade8992d7f725f2bde2c495a9a98cf4d9f \
    --hash=sha256:2dd9a0061e403546f7377df940e866c3e678d7d4e9643d0461ea442b4f89e61a \
    --hash=sha256:2fdbd4c067c60a0ac7eca14b6bd18a5bebace54eb757c706b47ea93204f7a37c \
    --hash=sha256:34d8cfde551c9916cb92014e040806122295a6800914bab5865deb85623931cf \
    --hash=sha256:9ac78b12e541d4ce67b4dfd970e44c060a2147b9b2a21f509566d556a509c67d \
    --hash=sha256:a1bb04dc5b448985f86ecd4b05407f5a8d97cb2c0532199b2a302a604a0165ab \
    --hash=sha256:a21a15d5c8e603331b8a59548bbe113564136dc0f5ad8306dd5033459a226da0 \
    --hash=sha256:aaa852d23e125b73d283c98f007e06d4595732104b65402f46e8ef24b588d9f8 \
    --hash=sha256:cd51cd0a91ecc801633829fcd1fda9cf8682ed3477c6243b9a095539de4aecf3 \
    --hash=sha256:db9484aeb2e200c43b915a1a0150ea885e35f357a5a8fabf7373af333dcc8dbf \
    --hash=sha256:e5a69c1a4496b81a5ee5d2c1f3f7fbdf95e90a0196101b0ee89ed9956b8a168f \
    --hash=sha256:e78e413e9e668ad790a29456e677d9d3aa50a9ad311a40905d6861ba7692cf41 \
    --hash=sha256:ed248ab5279e601a30a4d67bdb897ecbe955a50f1e7bb62bd99f07dd11c2f5b6
    # via -r requirements.in
tqdm==4.70.1 \
    --hash=sha256:c293e525e6fef9c20e8728fd4612df02a0aa31bb5fe91ecd93e123b1b7bffa73 \
    --hash=sha256:cefd0eca11b2a37a3aee776544d4f4ae913f02688135b5556b8788dfa474afc4
    # via huggingface-hub
typing-extensions==4.16.0 \
    --hash=sha256:481caa481374e813c1b176ada14e97f1f67a4539ce9cfeb3f350d78d6370c2e8 \
    --hash=sha256:dc983d19a509c94dba722ee6abd33940f7c05a89e243c47e907eb4db6f1a43e5
    # via huggingface-hub
urllib3==2.8.0 \
    --hash=sha256:0cf3cae568d36aa9576b28dfb35f11328f1cb974ca7647d9475ebb86c75ac6e3 \
    --hash=sha256:63bf2ead4c879426ebf22ef2a781eeb4aa3b4ae798a0435506f8687fd5bb9b63
    # via requests
